<?xml version="1.0" encoding="UTF-8" standalone="yes" ?>
<CodeBlocks_project_file>
	<FileVersion major="1" minor="6" />
	<Project>
		<Option title="flappy" />
		<Option pch_mode="2" />
		<Option compiler="gcc" />
		<Build>
			<Target title="Debug">
				<Option output="bin/Debug/flappy" prefix_auto="1" extension_auto="1" />
				<Option object_output="obj/Debug/" />
				<Option type="1" />
				<Option compiler="gcc" />
				<Compiler>
					<Add option="-g" />
				</Compiler>
			</Target>
			<Target title="Release">
				<Option output="bin/Release/flappy" prefix_auto="1" extension_auto="1" />
				<Option object_output="obj/Release/" />
				<Option type="1" />
				<Option compiler="gcc" />
				<Compiler>
					<Add option="-O2" />
				</Compiler>
				<Linker>
					<Add option="-s" />
				</Linker>
			</Target>
		</Build>
		<Compiler>
			<Add option="-Wall" />
		</Compiler>
		<Unit filename="background.cpp" />
		<Unit filename="background.h" />
		<Unit filename="defs.h" />
		<Unit filename="exception.cpp" />
		<Unit filename="exception.h" />
		<Unit filename="font.cpp" />
		<Unit filename="font.h" />
		<Unit filename="intro.cpp" />
		<Unit filename="intro.h" />
		<Unit filename="level.cpp" />
		<Unit filename="level.h" />
		<Unit filename="main.cpp" />
		<Unit filename="mainwindow.cpp" />
		<Unit filename="mainwindow.h" />
		<Unit filename="music.cpp" />
		<Unit filename="music.h" />
		<Unit filename="pipe.cpp" />
		<Unit filename="pipe.h" />
		<Unit filename="player.cpp" />
		<Unit filename="player.h" />
		<Unit filename="texture.cpp" />
		<Unit filename="texture.h" />
		<Extensions>
			<lib_finder disable_auto="1" />
		</Extensions>
	</Project>
</CodeBlocks_project_file>
